
Microsoft Visual Studio Solution File, Format Version 12.00
# Visual Studio 15
VisualStudioVersion = 15.0.27428.2015
MinimumVisualStudioVersion = 10.0.40219.1
Project("{FAE04EC0-301F-11D3-BF4B-00C04F79EFBC}") = "OWRankTracker", "OWRankTracker\OWRankTracker.csproj", "{74D8B62A-DFAB-4100-A8AF-D4E0E9113CDB}"
EndProject
Project("{FAE04EC0-301F-11D3-BF4B-00C04F79EFBC}") = "OWRankTracker.Test", "OWRankTracker.Test\OWRankTracker.Test.csproj", "{516D9931-F128-4A1E-83DF-0CBA48A111FE}"
EndProject
Project("{FAE04EC0-301F-11D3-BF4B-00C04F79EFBC}") = "OWRankTracker.Core", "OWRankTracker.Core\OWRankTracker.Core.csproj", "{B15F6D6F-43FA-43F2-A918-9AD1DFF51CD4}"
EndProject
Project("{FAE04EC0-301F-11D3-BF4B-00C04F79EFBC}") = "OWRankTracker.Core.Test", "OWRankTracker.Core.Test\OWRankTracker.Core.Test.csproj", "{49258E9D-8BE3-4F6A-88A3-2AB2747FCA0D}"
EndProject
Project("{FAE04EC0-301F-11D3-BF4B-00C04F79EFBC}") = "OWRankTracker.Test.Fakers", "OWRankTracker.Test.Fakers\OWRankTracker.Test.Fakers.csproj", "{B7CA3375-9F2F-4102-9278-B7C6C282F7F4}"
EndProject
Project("{930C7802-8A8C-48F9-8165-68863BCCD9DD}") = "OWRankTracker.Installer", "OWRankTracker.Installer\OWRankTracker.Installer.wixproj", "{C1E1D968-517D-4E6D-8388-E94AC965FBC6}"
	ProjectSection(ProjectDependencies) = postProject
		{74D8B62A-DFAB-4100-A8AF-D4E0E9113CDB} = {74D8B62A-DFAB-4100-A8AF-D4E0E9113CDB}
	EndProjectSection
EndProject
Global
	GlobalSection(SolutionConfigurationPlatforms) = preSolution
		Debug[new user]|Any CPU = Debug[new user]|Any CPU
		Debug[new user]|x86 = Debug[new user]|x86
		Debug[profiles]|Any CPU = Debug[profiles]|Any CPU
		Debug[profiles]|x86 = Debug[profiles]|x86
		Debug|Any CPU = Debug|Any CPU
		Debug|x86 = Debug|x86
		Release|Any CPU = Release|Any CPU
		Release|x86 = Release|x86
	EndGlobalSection
	GlobalSection(ProjectConfigurationPlatforms) = postSolution
		{74D8B62A-DFAB-4100-A8AF-D4E0E9113CDB}.Debug[new user]|Any CPU.ActiveCfg = Debug[new user]|Any CPU
		{74D8B62A-DFAB-4100-A8AF-D4E0E9113CDB}.Debug[new user]|Any CPU.Build.0 = Debug[new user]|Any CPU
		{74D8B62A-DFAB-4100-A8AF-D4E0E9113CDB}.Debug[new user]|x86.ActiveCfg = Debug[new user]|Any CPU
		{74D8B62A-DFAB-4100-A8AF-D4E0E9113CDB}.Debug[new user]|x86.Build.0 = Debug[new user]|Any CPU
		{74D8B62A-DFAB-4100-A8AF-D4E0E9113CDB}.Debug[profiles]|Any CPU.ActiveCfg = Debug|Any CPU
		{74D8B62A-DFAB-4100-A8AF-D4E0E9113CDB}.Debug[profiles]|Any CPU.Build.0 = Debug|Any CPU
		{74D8B62A-DFAB-4100-A8AF-D4E0E9113CDB}.Debug[profiles]|x86.ActiveCfg = Debug[new user]|Any CPU
		{74D8B62A-DFAB-4100-A8AF-D4E0E9113CDB}.Debug[profiles]|x86.Build.0 = Debug[new user]|Any CPU
		{74D8B62A-DFAB-4100-A8AF-D4E0E9113CDB}.Debug|Any CPU.ActiveCfg = Debug|Any CPU
		{74D8B62A-DFAB-4100-A8AF-D4E0E9113CDB}.Debug|Any CPU.Build.0 = Debug|Any CPU
		{74D8B62A-DFAB-4100-A8AF-D4E0E9113CDB}.Debug|x86.ActiveCfg = Debug|Any CPU
		{74D8B62A-DFAB-4100-A8AF-D4E0E9113CDB}.Debug|x86.Build.0 = Debug|Any CPU
		{74D8B62A-DFAB-4100-A8AF-D4E0E9113CDB}.Release|Any CPU.ActiveCfg = Release|Any CPU
		{74D8B62A-DFAB-4100-A8AF-D4E0E9113CDB}.Release|Any CPU.Build.0 = Release|Any CPU
		{74D8B62A-DFAB-4100-A8AF-D4E0E9113CDB}.Release|x86.ActiveCfg = Release|Any CPU
		{74D8B62A-DFAB-4100-A8AF-D4E0E9113CDB}.Release|x86.Build.0 = Release|Any CPU
		{516D9931-F128-4A1E-83DF-0CBA48A111FE}.Debug[new user]|Any CPU.ActiveCfg = Debug[new user]|Any CPU
		{516D9931-F128-4A1E-83DF-0CBA48A111FE}.Debug[new user]|Any CPU.Build.0 = Debug[new user]|Any CPU
		{516D9931-F128-4A1E-83DF-0CBA48A111FE}.Debug[new user]|x86.ActiveCfg = Debug[new user]|Any CPU
		{516D9931-F128-4A1E-83DF-0CBA48A111FE}.Debug[new user]|x86.Build.0 = Debug[new user]|Any CPU
		{516D9931-F128-4A1E-83DF-0CBA48A111FE}.Debug[profiles]|Any CPU.ActiveCfg = Debug|Any CPU
		{516D9931-F128-4A1E-83DF-0CBA48A111FE}.Debug[profiles]|Any CPU.Build.0 = Debug|Any CPU
		{516D9931-F128-4A1E-83DF-0CBA48A111FE}.Debug[profiles]|x86.ActiveCfg = Debug[new user]|Any CPU
		{516D9931-F128-4A1E-83DF-0CBA48A111FE}.Debug[profiles]|x86.Build.0 = Debug[new user]|Any CPU
		{516D9931-F128-4A1E-83DF-0CBA48A111FE}.Debug|Any CPU.ActiveCfg = Debug|Any CPU
		{516D9931-F128-4A1E-83DF-0CBA48A111FE}.Debug|Any CPU.Build.0 = Debug|Any CPU
		{516D9931-F128-4A1E-83DF-0CBA48A111FE}.Debug|x86.ActiveCfg = Debug|Any CPU
		{516D9931-F128-4A1E-83DF-0CBA48A111FE}.Debug|x86.Build.0 = Debug|Any CPU
		{516D9931-F128-4A1E-83DF-0CBA48A111FE}.Release|Any CPU.ActiveCfg = Release|Any CPU
		{516D9931-F128-4A1E-83DF-0CBA48A111FE}.Release|Any CPU.Build.0 = Release|Any CPU
		{516D9931-F128-4A1E-83DF-0CBA48A111FE}.Release|x86.ActiveCfg = Release|Any CPU
		{516D9931-F128-4A1E-83DF-0CBA48A111FE}.Release|x86.Build.0 = Release|Any CPU
		{B15F6D6F-43FA-43F2-A918-9AD1DFF51CD4}.Debug[new user]|Any CPU.ActiveCfg = Debug[new user]|Any CPU
		{B15F6D6F-43FA-43F2-A918-9AD1DFF51CD4}.Debug[new user]|Any CPU.Build.0 = Debug[new user]|Any CPU
		{B15F6D6F-43FA-43F2-A918-9AD1DFF51CD4}.Debug[new user]|x86.ActiveCfg = Debug[new user]|Any CPU
		{B15F6D6F-43FA-43F2-A918-9AD1DFF51CD4}.Debug[new user]|x86.Build.0 = Debug[new user]|Any CPU
		{B15F6D6F-43FA-43F2-A918-9AD1DFF51CD4}.Debug[profiles]|Any CPU.ActiveCfg = Debug|Any CPU
		{B15F6D6F-43FA-43F2-A918-9AD1DFF51CD4}.Debug[profiles]|Any CPU.Build.0 = Debug|Any CPU
		{B15F6D6F-43FA-43F2-A918-9AD1DFF51CD4}.Debug[profiles]|x86.ActiveCfg = Debug[new user]|Any CPU
		{B15F6D6F-43FA-43F2-A918-9AD1DFF51CD4}.Debug[profiles]|x86.Build.0 = Debug[new user]|Any CPU
		{B15F6D6F-43FA-43F2-A918-9AD1DFF51CD4}.Debug|Any CPU.ActiveCfg = Debug|Any CPU
		{B15F6D6F-43FA-43F2-A918-9AD1DFF51CD4}.Debug|Any CPU.Build.0 = Debug|Any CPU
		{B15F6D6F-43FA-43F2-A918-9AD1DFF51CD4}.Debug|x86.ActiveCfg = Debug|Any CPU
		{B15F6D6F-43FA-43F2-A918-9AD1DFF51CD4}.Debug|x86.Build.0 = Debug|Any CPU
		{B15F6D6F-43FA-43F2-A918-9AD1DFF51CD4}.Release|Any CPU.ActiveCfg = Release|Any CPU
		{B15F6D6F-43FA-43F2-A918-9AD1DFF51CD4}.Release|Any CPU.Build.0 = Release|Any CPU
		{B15F6D6F-43FA-43F2-A918-9AD1DFF51CD4}.Release|x86.ActiveCfg = Release|Any CPU
		{B15F6D6F-43FA-43F2-A918-9AD1DFF51CD4}.Release|x86.Build.0 = Release|Any CPU
		{49258E9D-8BE3-4F6A-88A3-2AB2747FCA0D}.Debug[new user]|Any CPU.ActiveCfg = Debug[new user]|Any CPU
		{49258E9D-8BE3-4F6A-88A3-2AB2747FCA0D}.Debug[new user]|Any CPU.Build.0 = Debug[new user]|Any CPU
		{49258E9D-8BE3-4F6A-88A3-2AB2747FCA0D}.Debug[new user]|x86.ActiveCfg = Debug[new user]|Any CPU
		{49258E9D-8BE3-4F6A-88A3-2AB2747FCA0D}.Debug[new user]|x86.Build.0 = Debug[new user]|Any CPU
		{49258E9D-8BE3-4F6A-88A3-2AB2747FCA0D}.Debug[profiles]|Any CPU.ActiveCfg = Debug|Any CPU
		{49258E9D-8BE3-4F6A-88A3-2AB2747FCA0D}.Debug[profiles]|Any CPU.Build.0 = Debug|Any CPU
		{49258E9D-8BE3-4F6A-88A3-2AB2747FCA0D}.Debug[profiles]|x86.ActiveCfg = Debug[new user]|Any CPU
		{49258E9D-8BE3-4F6A-88A3-2AB2747FCA0D}.Debug[profiles]|x86.Build.0 = Debug[new user]|Any CPU
		{49258E9D-8BE3-4F6A-88A3-2AB2747FCA0D}.Debug|Any CPU.ActiveCfg = Debug|Any CPU
		{49258E9D-8BE3-4F6A-88A3-2AB2747FCA0D}.Debug|Any CPU.Build.0 = Debug|Any CPU
		{49258E9D-8BE3-4F6A-88A3-2AB2747FCA0D}.Debug|x86.ActiveCfg = Debug|Any CPU
		{49258E9D-8BE3-4F6A-88A3-2AB2747FCA0D}.Debug|x86.Build.0 = Debug|Any CPU
		{49258E9D-8BE3-4F6A-88A3-2AB2747FCA0D}.Release|Any CPU.ActiveCfg = Release|Any CPU
		{49258E9D-8BE3-4F6A-88A3-2AB2747FCA0D}.Release|Any CPU.Build.0 = Release|Any CPU
		{49258E9D-8BE3-4F6A-88A3-2AB2747FCA0D}.Release|x86.ActiveCfg = Release|Any CPU
		{49258E9D-8BE3-4F6A-88A3-2AB2747FCA0D}.Release|x86.Build.0 = Release|Any CPU
		{B7CA3375-9F2F-4102-9278-B7C6C282F7F4}.Debug[new user]|Any CPU.ActiveCfg = Debug[new user]|Any CPU
		{B7CA3375-9F2F-4102-9278-B7C6C282F7F4}.Debug[new user]|Any CPU.Build.0 = Debug[new user]|Any CPU
		{B7CA3375-9F2F-4102-9278-B7C6C282F7F4}.Debug[new user]|x86.ActiveCfg = Debug[new user]|Any CPU
		{B7CA3375-9F2F-4102-9278-B7C6C282F7F4}.Debug[new user]|x86.Build.0 = Debug[new user]|Any CPU
		{B7CA3375-9F2F-4102-9278-B7C6C282F7F4}.Debug[profiles]|Any CPU.ActiveCfg = Debug|Any CPU
		{B7CA3375-9F2F-4102-9278-B7C6C282F7F4}.Debug[profiles]|Any CPU.Build.0 = Debug|Any CPU
		{B7CA3375-9F2F-4102-9278-B7C6C282F7F4}.Debug[profiles]|x86.ActiveCfg = Debug[new user]|Any CPU
		{B7CA3375-9F2F-4102-9278-B7C6C282F7F4}.Debug[profiles]|x86.Build.0 = Debug[new user]|Any CPU
		{B7CA3375-9F2F-4102-9278-B7C6C282F7F4}.Debug|Any CPU.ActiveCfg = Debug|Any CPU
		{B7CA3375-9F2F-4102-9278-B7C6C282F7F4}.Debug|Any CPU.Build.0 = Debug|Any CPU
		{B7CA3375-9F2F-4102-9278-B7C6C282F7F4}.Debug|x86.ActiveCfg = Debug|Any CPU
		{B7CA3375-9F2F-4102-9278-B7C6C282F7F4}.Debug|x86.Build.0 = Debug|Any CPU
		{B7CA3375-9F2F-4102-9278-B7C6C282F7F4}.Release|Any CPU.ActiveCfg = Release|Any CPU
		{B7CA3375-9F2F-4102-9278-B7C6C282F7F4}.Release|Any CPU.Build.0 = Release|Any CPU
		{B7CA3375-9F2F-4102-9278-B7C6C282F7F4}.Release|x86.ActiveCfg = Release|Any CPU
		{B7CA3375-9F2F-4102-9278-B7C6C282F7F4}.Release|x86.Build.0 = Release|Any CPU
		{C1E1D968-517D-4E6D-8388-E94AC965FBC6}.Debug[new user]|Any CPU.ActiveCfg = Release|x86
		{C1E1D968-517D-4E6D-8388-E94AC965FBC6}.Debug[new user]|Any CPU.Build.0 = Release|x86
		{C1E1D968-517D-4E6D-8388-E94AC965FBC6}.Debug[new user]|x86.ActiveCfg = Debug|x86
		{C1E1D968-517D-4E6D-8388-E94AC965FBC6}.Debug[new user]|x86.Build.0 = Debug|x86
		{C1E1D968-517D-4E6D-8388-E94AC965FBC6}.Debug[profiles]|Any CPU.ActiveCfg = Release|x86
		{C1E1D968-517D-4E6D-8388-E94AC965FBC6}.Debug[profiles]|Any CPU.Build.0 = Release|x86
		{C1E1D968-517D-4E6D-8388-E94AC965FBC6}.Debug[profiles]|x86.ActiveCfg = Debug|x86
		{C1E1D968-517D-4E6D-8388-E94AC965FBC6}.Debug[profiles]|x86.Build.0 = Debug|x86
		{C1E1D968-517D-4E6D-8388-E94AC965FBC6}.Debug|Any CPU.ActiveCfg = Debug|x86
		{C1E1D968-517D-4E6D-8388-E94AC965FBC6}.Debug|x86.ActiveCfg = Debug|x86
		{C1E1D968-517D-4E6D-8388-E94AC965FBC6}.Debug|x86.Build.0 = Debug|x86
		{C1E1D968-517D-4E6D-8388-E94AC965FBC6}.Release|Any CPU.ActiveCfg = Release|x86
		{C1E1D968-517D-4E6D-8388-E94AC965FBC6}.Release|x86.ActiveCfg = Release|x86
		{C1E1D968-517D-4E6D-8388-E94AC965FBC6}.Release|x86.Build.0 = Release|x86
	EndGlobalSection
	GlobalSection(SolutionProperties) = preSolution
		HideSolutionNode = FALSE
	EndGlobalSection
	GlobalSection(ExtensibilityGlobals) = postSolution
		SolutionGuid = {89449B7E-DBF0-4FDE-AC11-001F88D37BE9}
	EndGlobalSection
EndGlobal
